// !$*UTF8*$!
{
	archiveVersion = 1;
	classes = {
	};
	objectVersion = 46;
	objects = {

/* Begin PBXBuildFile section */
		5B9B9C001EBB950F00B3FF20 /* main.m in Sources */ = {isa = PBXBuildFile; fileRef = 5B9B9BFF1EBB950F00B3FF20 /* main.m */; };
		5B9B9C031EBB950F00B3FF20 /* AppDelegate.m in Sources */ = {isa = PBXBuildFile; fileRef = 5B9B9C021EBB950F00B3FF20 /* AppDelegate.m */; };
		5B9B9C061EBB950F00B3FF20 /* ViewController.m in Sources */ = {isa = PBXBuildFile; fileRef = 5B9B9C051EBB950F00B3FF20 /* ViewController.m */; };
		5B9B9C0B1EBB950F00B3FF20 /* Assets.xcassets in Resources */ = {isa = PBXBuildFile; fileRef = 5B9B9C0A1EBB950F00B3FF20 /* Assets.xcassets */; };
		5B9B9C0E1EBB950F00B3FF20 /* LaunchScreen.storyboard in Resources */ = {isa = PBXBuildFile; fileRef = 5B9B9C0C1EBB950F00B3FF20 /* LaunchScreen.storyboard */; };
		5B9B9C191EBB950F00B3FF20 /* TrendViewExampleTests.m in Sources */ = {isa = PBXBuildFile; fileRef = 5B9B9C181EBB950F00B3FF20 /* TrendViewExampleTests.m */; };
		5B9B9C241EBB950F00B3FF20 /* TrendViewExampleUITests.m in Sources */ = {isa = PBXBuildFile; fileRef = 5B9B9C231EBB950F00B3FF20 /* TrendViewExampleUITests.m */; };
		9112CD08298608A030B598CD /* libPods-TrendViewExample.a in Frameworks */ = {isa = PBXBuildFile; fileRef = 748E68B48C0B41A0F265E6A2 /* libPods-TrendViewExample.a */; };
		96D74E62FEABE8CB09F65A3F /* libPods-TrendViewExampleUITests.a in Frameworks */ = {isa = PBXBuildFile; fileRef = 66BF0EA96FF926863CFCF15F /* libPods-TrendViewExampleUITests.a */; };
		F496030A1083AC77584721DD /* libPods-TrendViewExampleTests.a in Frameworks */ = {isa = PBXBuildFile; fileRef = 7941B1F769DE4A927EA24959 /* libPods-TrendViewExampleTests.a */; };
/* End PBXBuildFile section */

/* Begin PBXContainerItemProxy section */
		5B9B9C151EBB950F00B3FF20 /* PBXContainerItemProxy */ = {
			isa = PBXContainerItemProxy;
			containerPortal = 5B9B9BF31EBB950F00B3FF20 /* Project object */;
			proxyType = 1;
			remoteGlobalIDString = 5B9B9BFA1EBB950F00B3FF20;
			remoteInfo = TrendViewExample;
		};
		5B9B9C201EBB950F00B3FF20 /* PBXContainerItemProxy */ = {
			isa = PBXContainerItemProxy;
			containerPortal = 5B9B9BF31EBB950F00B3FF20 /* Project object */;
			proxyType = 1;
			remoteGlobalIDString = 5B9B9BFA1EBB950F00B3FF20;
			remoteInfo = TrendViewExample;
		};
/* End PBXContainerItemProxy section */

/* Begin PBXFileReference section */
		5B9B9BFB1EBB950F00B3FF20 /* TrendViewExample.app */ = {isa = PBXFileReference; explicitFileType = wrapper.application; includeInIndex = 0; path = TrendViewExample.app; sourceTree = BUILT_PRODUCTS_DIR; };
		5B9B9BFF1EBB950F00B3FF20 /* main.m */ = {isa = PBXFileReference; lastKnownFileType = sourcecode.c.objc; path = main.m; sourceTree = "<group>"; };
		5B9B9C011EBB950F00B3FF20 /* AppDelegate.h */ = {isa = PBXFileReference; lastKnownFileType = sourcecode.c.h; path = AppDelegate.h; sourceTree = "<group>"; };
		5B9B9C021EBB950F00B3FF20 /* AppDelegate.m */ = {isa = PBXFileReference; lastKnownFileType = sourcecode.c.objc; path = AppDelegate.m; sourceTree = "<group>"; };
		5B9B9C041EBB950F00B3FF20 /* ViewController.h */ = {isa = PBXFileReference; lastKnownFileType = sourcecode.c.h; path = ViewController.h; sourceTree = "<group>"; };
		5B9B9C051EBB950F00B3FF20 /* ViewController.m */ = {isa = PBXFileReference; lastKnownFileType = sourcecode.c.objc; path = ViewController.m; sourceTree = "<group>"; };
		5B9B9C0A1EBB950F00B3FF20 /* Assets.xcassets */ = {isa = PBXFileReference; lastKnownFileType = folder.assetcatalog; path = Assets.xcassets; sourceTree = "<group>"; };
		5B9B9C0D1EBB950F00B3FF20 /* Base */ = {isa = PBXFileReference; lastKnownFileType = file.storyboard; name = Base; path = Base.lproj/LaunchScreen.storyboard; sourceTree = "<group>"; };
		5B9B9C0F1EBB950F00B3FF20 /* Info.plist */ = {isa = PBXFileReference; lastKnownFileType = text.plist.xml; path = Info.plist; sourceTree = "<group>"; };
		5B9B9C141EBB950F00B3FF20 /* TrendViewExampleTests.xctest */ = {isa = PBXFileReference; explicitFileType = wrapper.cfbundle; includeInIndex = 0; path = TrendViewExampleTests.xctest; sourceTree = BUILT_PRODUCTS_DIR; };
		5B9B9C181EBB950F00B3FF20 /* TrendViewExampleTests.m */ = {isa = PBXFileReference; lastKnownFileType = sourcecode.c.objc; path = TrendViewExampleTests.m; sourceTree = "<group>"; };
		5B9B9C1A1EBB950F00B3FF20 /* Info.plist */ = {isa = PBXFileReference; lastKnownFileType = text.plist.xml; path = Info.plist; sourceTree = "<group>"; };
		5B9B9C1F1EBB950F00B3FF20 /* TrendViewExampleUITests.xctest */ = {isa = PBXFileReference; explicitFileType = wrapper.cfbundle; includeInIndex = 0; path = TrendViewExampleUITests.xctest; sourceTree = BUILT_PRODUCTS_DIR; };
		5B9B9C231EBB950F00B3FF20 /* TrendViewExampleUITests.m */ = {isa = PBXFileReference; lastKnownFileType = sourcecode.c.objc; path = TrendViewExampleUITests.m; sourceTree = "<group>"; };
		5B9B9C251EBB950F00B3FF20 /* Info.plist */ = {isa = PBXFileReference; lastKnownFileType = text.plist.xml; path = Info.plist; sourceTree = "<group>"; };
		66BF0EA96FF926863CFCF15F /* libPods-TrendViewExampleUITests.a */ = {isa = PBXFileReference; explicitFileType = archive.ar; includeInIndex = 0; path = "libPods-TrendViewExampleUITests.a"; sourceTree = BUILT_PRODUCTS_DIR; };
		66D9726D9222A42686890998 /* Pods-TrendViewExampleUITests.debug.xcconfig */ = {isa = PBXFileReference; includeInIndex = 1; lastKnownFileType = text.xcconfig; name = "Pods-TrendViewExampleUITests.debug.xcconfig"; path = "Pods/Target Support Files/Pods-TrendViewExampleUITests/Pods-TrendViewExampleUITests.debug.xcconfig"; sourceTree = "<group>"; };
		6F87227F0901DF592764D405 /* Pods-TrendViewExampleUITests.release.xcconfig */ = {isa = PBXFileReference; includeInIndex = 1; lastKnownFileType = text.xcconfig; name = "Pods-TrendViewExampleUITests.release.xcconfig"; path = "Pods/Target Support Files/Pods-TrendViewExampleUITests/Pods-TrendViewExampleUITests.release.xcconfig"; sourceTree = "<group>"; };
		748E68B48C0B41A0F265E6A2 /* libPods-TrendViewExample.a */ = {isa = PBXFileReference; explicitFileType = archive.ar; includeInIndex = 0; path = "libPods-TrendViewExample.a"; sourceTree = BUILT_PRODUCTS_DIR; };
		7941B1F769DE4A927EA24959 /* libPods-TrendViewExampleTests.a */ = {isa = PBXFileReference; explicitFileType = archive.ar; includeInIndex = 0; path = "libPods-TrendViewExampleTests.a"; sourceTree = BUILT_PRODUCTS_DIR; };
		C0BE39573069680F1303CB0D /* Pods-TrendViewExampleTests.debug.xcconfig */ = {isa = PBXFileReference; includeInIndex = 1; lastKnownFileType = text.xcconfig; name = "Pods-TrendViewExampleTests.debug.xcconfig"; path = "Pods/Target Support Files/Pods-TrendViewExampleTests/Pods-TrendViewExampleTests.debug.xcconfig"; sourceTree = "<group>"; };
		C2577F30CC20A25C2A8AB039 /* Pods-TrendViewExample.debug.xcconfig */ = {isa = PBXFileReference; includeInIndex = 1; lastKnownFileType = text.xcconfig; name = "Pods-TrendViewExample.debug.xcconfig"; path = "Pods/Target Support Files/Pods-TrendViewExample/Pods-TrendViewExample.debug.xcconfig"; sourceTree = "<group>"; };
		F0C08193347A85C2CDB8705D /* Pods-TrendViewExample.release.xcconfig */ = {isa = PBXFileReference; includeInIndex = 1; lastKnownFileType = text.xcconfig; name = "Pods-TrendViewExample.release.xcconfig"; path = "Pods/Target Support Files/Pods-TrendViewExample/Pods-TrendViewExample.release.xcconfig"; sourceTree = "<group>"; };
		F4589C10F34DCC144F93FA20 /* Pods-TrendViewExampleTests.release.xcconfig */ = {isa = PBXFileReference; includeInIndex = 1; lastKnownFileType = text.xcconfig; name = "Pods-TrendViewExampleTests.release.xcconfig"; path = "Pods/Target Support Files/Pods-TrendViewExampleTests/Pods-TrendViewExampleTests.release.xcconfig"; sourceTree = "<group>"; };
/* End PBXFileReference section */

/* Begin PBXFrameworksBuildPhase section */
		5B9B9BF81EBB950F00B3FF20 /* Frameworks */ = {
			isa = PBXFrameworksBuildPhase;
			buildActionMask = 2147483647;
			files = (
				9112CD08298608A030B598CD /* libPods-TrendViewExample.a in Frameworks */,
			);
			runOnlyForDeploymentPostprocessing = 0;
		};
		5B9B9C111EBB950F00B3FF20 /* Frameworks */ = {
			isa = PBXFrameworksBuildPhase;
			buildActionMask = 2147483647;
			files = (
				F496030A1083AC77584721DD /* libPods-TrendViewExampleTests.a in Frameworks */,
			);
			runOnlyForDeploymentPostprocessing = 0;
		};
		5B9B9C1C1EBB950F00B3FF20 /* Frameworks */ = {
			isa = PBXFrameworksBuildPhase;
			buildActionMask = 2147483647;
			files = (
				96D74E62FEABE8CB09F65A3F /* libPods-TrendViewExampleUITests.a in Frameworks */,
			);
			runOnlyForDeploymentPostprocessing = 0;
		};
/* End PBXFrameworksBuildPhase section */

/* Begin PBXGroup section */
		5B9B9BF21EBB950F00B3FF20 = {
			isa = PBXGroup;
			children = (
				5B9B9BFD1EBB950F00B3FF20 /* TrendViewExample */,
				5B9B9C171EBB950F00B3FF20 /* TrendViewExampleTests */,
				5B9B9C221EBB950F00B3FF20 /* TrendViewExampleUITests */,
				5B9B9BFC1EBB950F00B3FF20 /* Products */,
				D1347BAEA1F22E6005FFEBEC /* Pods */,
				E5C9CB5AC65109ED8F0F56B0 /* Frameworks */,
			);
			sourceTree = "<group>";
		};
		5B9B9BFC1EBB950F00B3FF20 /* Products */ = {
			isa = PBXGroup;
			children = (
				5B9B9BFB1EBB950F00B3FF20 /* TrendViewExample.app */,
				5B9B9C141EBB950F00B3FF20 /* TrendViewExampleTests.xctest */,
				5B9B9C1F1EBB950F00B3FF20 /* TrendViewExampleUITests.xctest */,
			);
			name = Products;
			sourceTree = "<group>";
		};
		5B9B9BFD1EBB950F00B3FF20 /* TrendViewExample */ = {
			isa = PBXGroup;
			children = (
				5B9B9C011EBB950F00B3FF20 /* AppDelegate.h */,
				5B9B9C021EBB950F00B3FF20 /* AppDelegate.m */,
				5B9B9C041EBB950F00B3FF20 /* ViewController.h */,
				5B9B9C051EBB950F00B3FF20 /* ViewController.m */,
				5B9B9C0A1EBB950F00B3FF20 /* Assets.xcassets */,
				5B9B9C0C1EBB950F00B3FF20 /* LaunchScreen.storyboard */,
				5B9B9C0F1EBB950F00B3FF20 /* Info.plist */,
				5B9B9BFE1EBB950F00B3FF20 /* Supporting Files */,
			);
			path = TrendViewExample;
			sourceTree = "<group>";
		};
		5B9B9BFE1EBB950F00B3FF20 /* Supporting Files */ = {
			isa = PBXGroup;
			children = (
				5B9B9BFF1EBB950F00B3FF20 /* main.m */,
			);
			name = "Supporting Files";
			sourceTree = "<group>";
		};
		5B9B9C171EBB950F00B3FF20 /* TrendViewExampleTests */ = {
			isa = PBXGroup;
			children = (
				5B9B9C181EBB950F00B3FF20 /* TrendViewExampleTests.m */,
				5B9B9C1A1EBB950F00B3FF20 /* Info.plist */,
			);
			path = TrendViewExampleTests;
			sourceTree = "<group>";
		};
		5B9B9C221EBB950F00B3FF20 /* TrendViewExampleUITests */ = {
			isa = PBXGroup;
			children = (
				5B9B9C231EBB950F00B3FF20 /* TrendViewExampleUITests.m */,
				5B9B9C251EBB950F00B3FF20 /* Info.plist */,
			);
			path = TrendViewExampleUITests;
			sourceTree = "<group>";
		};
		D1347BAEA1F22E6005FFEBEC /* Pods */ = {
			isa = PBXGroup;
			children = (
				C2577F30CC20A25C2A8AB039 /* Pods-TrendViewExample.debug.xcconfig */,
				F0C08193347A85C2CDB8705D /* Pods-TrendViewExample.release.xcconfig */,
				C0BE39573069680F1303CB0D /* Pods-TrendViewExampleTests.debug.xcconfig */,
				F4589C10F34DCC144F93FA20 /* Pods-TrendViewExampleTests.release.xcconfig */,
				66D9726D9222A42686890998 /* Pods-TrendViewExampleUITests.debug.xcconfig */,
				6F87227F0901DF592764D405 /* Pods-TrendViewExampleUITests.release.xcconfig */,
			);
			name = Pods;
			sourceTree = "<group>";
		};
		E5C9CB5AC65109ED8F0F56B0 /* Frameworks */ = {
			isa = PBXGroup;
			children = (
				748E68B48C0B41A0F265E6A2 /* libPods-TrendViewExample.a */,
				7941B1F769DE4A927EA24959 /* libPods-TrendViewExampleTests.a */,
				66BF0EA96FF926863CFCF15F /* libPods-TrendViewExampleUITests.a */,
			);
			name = Frameworks;
			sourceTree = "<group>";
		};
/* End PBXGroup section */

/* Begin PBXNativeTarget section */
		5B9B9BFA1EBB950F00B3FF20 /* TrendViewExample */ = {
			isa = PBXNativeTarget;
			buildConfigurationList = 5B9B9C281EBB950F00B3FF20 /* Build configuration list for PBXNativeTarget "TrendViewExample" */;
			buildPhases = (
				6DA36F52F378EE15D177EB3E /* [CP] Check Pods Manifest.lock */,
				5B9B9BF71EBB950F00B3FF20 /* Sources */,
				5B9B9BF81EBB950F00B3FF20 /* Frameworks */,
				5B9B9BF91EBB950F00B3FF20 /* Resources */,
				0066DBC7EF3468D9EFC30743 /* [CP] Embed Pods Frameworks */,
				4C5641E139DF3122F7E9119A /* [CP] Copy Pods Resources */,
			);
			buildRules = (
			);
			dependencies = (
			);
			name = TrendViewExample;
			productName = TrendViewExample;
			productReference = 5B9B9BFB1EBB950F00B3FF20 /* TrendViewExample.app */;
			productType = "com.apple.product-type.application";
		};
		5B9B9C131EBB950F00B3FF20 /* TrendViewExampleTests */ = {
			isa = PBXNativeTarget;
			buildConfigurationList = 5B9B9C2B1EBB950F00B3FF20 /* Build configuration list for PBXNativeTarget "TrendViewExampleTests" */;
			buildPhases = (
				89F54D563840777FFBCBFAFB /* [CP] Check Pods Manifest.lock */,
				5B9B9C101EBB950F00B3FF20 /* Sources */,
				5B9B9C111EBB950F00B3FF20 /* Frameworks */,
				5B9B9C121EBB950F00B3FF20 /* Resources */,
				A836CCDEE9145D27856194B1 /* [CP] Embed Pods Frameworks */,
				7BE642DC227DA8DCA09BCEAB /* [CP] Copy Pods Resources */,
			);
			buildRules = (
			);
			dependencies = (
				5B9B9C161EBB950F00B3FF20 /* PBXTargetDependency */,
			);
			name = TrendViewExampleTests;
			productName = TrendViewExampleTests;
			productReference = 5B9B9C141EBB950F00B3FF20 /* TrendViewExampleTests.xctest */;
			productType = "com.apple.product-type.bundle.unit-test";
		};
		5B9B9C1E1EBB950F00B3FF20 /* TrendViewExampleUITests */ = {
			isa = PBXNativeTarget;
			buildConfigurationList = 5B9B9C2E1EBB950F00B3FF20 /* Build configuration list for PBXNativeTarget "TrendViewExampleUITests" */;
			buildPhases = (
				AD4046E1B53E6FA28D844E71 /* [CP] Check Pods Manifest.lock */,
				5B9B9C1B1EBB950F00B3FF20 /* Sources */,
				5B9B9C1C1EBB950F00B3FF20 /* Frameworks */,
				5B9B9C1D1EBB950F00B3FF20 /* Resources */,
				097774CDEDF1D989980F84D1 /* [CP] Embed Pods Frameworks */,
				3D8FDFE88BC19F2EE0BDF106 /* [CP] Copy Pods Resources */,
			);
			buildRules = (
			);
			dependencies = (
				5B9B9C211EBB950F00B3FF20 /* PBXTargetDependency */,
			);
			name = TrendViewExampleUITests;
			productName = TrendViewExampleUITests;
			productReference = 5B9B9C1F1EBB950F00B3FF20 /* TrendViewExampleUITests.xctest */;
			productType = "com.apple.product-type.bundle.ui-testing";
		};
/* End PBXNativeTarget section */

/* Begin PBXProject section */
		5B9B9BF31EBB950F00B3FF20 /* Project object */ = {
			isa = PBXProject;
			attributes = {
				LastUpgradeCheck = 0830;
				ORGANIZATIONNAME = "Nick Wilkerson";
				TargetAttributes = {
					5B9B9BFA1EBB950F00B3FF20 = {
						CreatedOnToolsVersion = 8.3.2;
						DevelopmentTeam = 6JYYU24LA8;
						ProvisioningStyle = Automatic;
					};
					5B9B9C131EBB950F00B3FF20 = {
						CreatedOnToolsVersion = 8.3.2;
						DevelopmentTeam = 6JYYU24LA8;
						ProvisioningStyle = Automatic;
						TestTargetID = 5B9B9BFA1EBB950F00B3FF20;
					};
					5B9B9C1E1EBB950F00B3FF20 = {
						CreatedOnToolsVersion = 8.3.2;
						DevelopmentTeam = 6JYYU24LA8;
						ProvisioningStyle = Automatic;
						TestTargetID = 5B9B9BFA1EBB950F00B3FF20;
					};
				};
			};
			buildConfigurationList = 5B9B9BF61EBB950F00B3FF20 /* Build configuration list for PBXProject "TrendViewExample" */;
			compatibilityVersion = "Xcode 3.2";
			developmentRegion = English;
			hasScannedForEncodings = 0;
			knownRegions = (
				en,
				Base,
			);
			mainGroup = 5B9B9BF21EBB950F00B3FF20;
			productRefGroup = 5B9B9BFC1EBB950F00B3FF20 /* Products */;
			projectDirPath = "";
			projectRoot = "";
			targets = (
				5B9B9BFA1EBB950F00B3FF20 /* TrendViewExample */,
				5B9B9C131EBB950F00B3FF20 /* TrendViewExampleTests */,
				5B9B9C1E1EBB950F00B3FF20 /* TrendViewExampleUITests */,
			);
		};
/* End PBXProject section */

/* Begin PBXResourcesBuildPhase section */
		5B9B9BF91EBB950F00B3FF20 /* Resources */ = {
			isa = PBXResourcesBuildPhase;
			buildActionMask = 2147483647;
			files = (
				5B9B9C0E1EBB950F00B3FF20 /* LaunchScreen.storyboard in Resources */,
				5B9B9C0B1EBB950F00B3FF20 /* Assets.xcassets in Resources */,
			);
			runOnlyForDeploymentPostprocessing = 0;
		};
		5B9B9C121EBB950F00B3FF20 /* Resources */ = {
			isa = PBXResourcesBuildPhase;
			buildActionMask = 2147483647;
			files = (
			);
			runOnlyForDeploymentPostprocessing = 0;
		};
		5B9B9C1D1EBB950F00B3FF20 /* Resources */ = {
			isa = PBXResourcesBuildPhase;
			buildActionMask = 2147483647;
			files = (
			);
			runOnlyForDeploymentPostprocessing = 0;
		};
/* End PBXResourcesBuildPhase section */

/* Begin PBXShellScriptBuildPhase section */
		0066DBC7EF3468D9EFC30743 /* [CP] Embed Pods Frameworks */ = {
			isa = PBXShellScriptBuildPhase;
			buildActionMask = 2147483647;
			files = (
			);
			inputPaths = (
			);
			name = "[CP] Embed Pods Frameworks";
			outputPaths = (
			);
			runOnlyForDeploymentPostprocessing = 0;
			shellPath = /bin/sh;
			shellScript = "\"${SRCROOT}/Pods/Target Support Files/Pods-TrendViewExample/Pods-TrendViewExample-frameworks.sh\"\n";
			showEnvVarsInLog = 0;
		};
		097774CDEDF1D989980F84D1 /* [CP] Embed Pods Frameworks */ = {
			isa = PBXShellScriptBuildPhase;
			buildActionMask = 2147483647;
			files = (
			);
			inputPaths = (
			);
			name = "[CP] Embed Pods Frameworks";
			outputPaths = (
			);
			runOnlyForDeploymentPostprocessing = 0;
			shellPath = /bin/sh;
			shellScript = "\"${SRCROOT}/Pods/Target Support Files/Pods-TrendViewExampleUITests/Pods-TrendViewExampleUITests-frameworks.sh\"\n";
			showEnvVarsInLog = 0;
		};
		3D8FDFE88BC19F2EE0BDF106 /* [CP] Copy Pods Resources */ = {
			isa = PBXShellScriptBuildPhase;
			buildActionMask = 2147483647;
			files = (
			);
			inputPaths = (
			);
			name = "[CP] Copy Pods Resources";
			outputPaths = (
			);
			runOnlyForDeploymentPostprocessing = 0;
			shellPath = /bin/sh;
			shellScript = "\"${SRCROOT}/Pods/Target Support Files/Pods-TrendViewExampleUITests/Pods-TrendViewExampleUITests-resources.sh\"\n";
			showEnvVarsInLog = 0;
		};
		4C5641E139DF3122F7E9119A /* [CP] Copy Pods Resources */ = {
			isa = PBXShellScriptBuildPhase;
			buildActionMask = 2147483647;
			files = (
			);
			inputPaths = (
			);
			name = "[CP] Copy Pods Resources";
			outputPaths = (
			);
			runOnlyForDeploymentPostprocessing = 0;
			shellPath = /bin/sh;
			shellScript = "\"${SRCROOT}/Pods/Target Support Files/Pods-TrendViewExample/Pods-TrendViewExample-resources.sh\"\n";
			showEnvVarsInLog = 0;
		};
		6DA36F52F378EE15D177EB3E /* [CP] Check Pods Manifest.lock */ = {
			isa = PBXShellScriptBuildPhase;
			buildActionMask = 2147483647;
			files = (
			);
			inputPaths = (
			);
			name = "[CP] Check Pods Manifest.lock";
			outputPaths = (
			);
			runOnlyForDeploymentPostprocessing = 0;
			shellPath = /bin/sh;
			shellScript = "diff \"${PODS_ROOT}/../Podfile.lock\" \"${PODS_ROOT}/Manifest.lock\" > /dev/null\nif [ $? != 0 ] ; then\n    # print error to STDERR\n    echo \"error: The sandbox is not in sync with the Podfile.lock. Run 'pod install' or update your CocoaPods installation.\" >&2\n    exit 1\nfi\n";
			showEnvVarsInLog = 0;
		};
		7BE642DC227DA8DCA09BCEAB /* [CP] Copy Pods Resources */ = {
			isa = PBXShellScriptBuildPhase;
			buildActionMask = 2147483647;
			files = (
			);
			inputPaths = (
			);
			name = "[CP] Copy Pods Resources";
			outputPaths = (
			);
			runOnlyForDeploymentPostprocessing = 0;
			shellPath = /bin/sh;
			shellScript = "\"${SRCROOT}/Pods/Target Support Files/Pods-TrendViewExampleTests/Pods-TrendViewExampleTests-resources.sh\"\n";
			showEnvVarsInLog = 0;
		};
		89F54D563840777FFBCBFAFB /* [CP] Check Pods Manifest.lock */ = {
			isa = PBXShellScriptBuildPhase;
			buildActionMask = 2147483647;
			files = (
			);
			inputPaths = (
			);
			name = "[CP] Check Pods Manifest.lock";
			outputPaths = (
			);
			runOnlyForDeploymentPostprocessing = 0;
			shellPath = /bin/sh;
			shellScript = "diff \"${PODS_ROOT}/../Podfile.lock\" \"${PODS_ROOT}/Manifest.lock\" > /dev/null\nif [ $? != 0 ] ; then\n    # print error to STDERR\n    echo \"error: The sandbox is not in sync with the Podfile.lock. Run 'pod install' or update your CocoaPods installation.\" >&2\n    exit 1\nfi\n";
			showEnvVarsInLog = 0;
		};
		A836CCDEE9145D27856194B1 /* [CP] Embed Pods Frameworks */ = {
			isa = PBXShellScriptBuildPhase;
			buildActionMask = 2147483647;
			files = (
			);
			inputPaths = (
			);
			name = "[CP] Embed Pods Frameworks";
			outputPaths = (
			);
			runOnlyForDeploymentPostprocessing = 0;
			shellPath = /bin/sh;
			shellScript = "\"${SRCROOT}/Pods/Target Support Files/Pods-TrendViewExampleTests/Pods-TrendViewExampleTests-frameworks.sh\"\n";
			showEnvVarsInLog = 0;
		};
		AD4046E1B53E6FA28D844E71 /* [CP] Check Pods Manifest.lock */ = {
			isa = PBXShellScriptBuildPhase;
			buildActionMask = 2147483647;
			files = (
			);
			inputPaths = (
			);
			name = "[CP] Check Pods Manifest.lock";
			outputPaths = (
			);
			runOnlyForDeploymentPostprocessing = 0;
			shellPath = /bin/sh;
			shellScript = "diff \"${PODS_ROOT}/../Podfile.lock\" \"${PODS_ROOT}/Manifest.lock\" > /dev/null\nif [ $? != 0 ] ; then\n    # print error to STDERR\n    echo \"error: The sandbox is not in sync with the Podfile.lock. Run 'pod install' or update your CocoaPods installation.\" >&2\n    exit 1\nfi\n";
			showEnvVarsInLog = 0;
		};
/* End PBXShellScriptBuildPhase section */

/* Begin PBXSourcesBuildPhase section */
		5B9B9BF71EBB950F00B3FF20 /* Sources */ = {
			isa = PBXSourcesBuildPhase;
			buildActionMask = 2147483647;
			files = (
				5B9B9C061EBB950F00B3FF20 /* ViewController.m in Sources */,
				5B9B9C031EBB950F00B3FF20 /* AppDelegate.m in Sources */,
				5B9B9C001EBB950F00B3FF20 /* main.m in Sources */,
			);
			runOnlyForDeploymentPostprocessing = 0;
		};
		5B9B9C101EBB950F00B3FF20 /* Sources */ = {
			isa = PBXSourcesBuildPhase;
			buildActionMask = 2147483647;
			files = (
				5B9B9C191EBB950F00B3FF20 /* TrendViewExampleTests.m in Sources */,
			);
			runOnlyForDeploymentPostprocessing = 0;
		};
		5B9B9C1B1EBB950F00B3FF20 /* Sources */ = {
			isa = PBXSourcesBuildPhase;
			buildActionMask = 2147483647;
			files = (
				5B9B9C241EBB950F00B3FF20 /* TrendViewExampleUITests.m in Sources */,
			);
			runOnlyForDeploymentPostprocessing = 0;
		};
/* End PBXSourcesBuildPhase section */

/* Begin PBXTargetDependency section */
		5B9B9C161EBB950F00B3FF20 /* PBXTargetDependency */ = {
			isa = PBXTargetDependency;
			target = 5B9B9BFA1EBB950F00B3FF20 /* TrendViewExample */;
			targetProxy = 5B9B9C151EBB950F00B3FF20 /* PBXContainerItemProxy */;
		};
		5B9B9C211EBB950F00B3FF20 /* PBXTargetDependency */ = {
			isa = PBXTargetDependency;
			target = 5B9B9BFA1EBB950F00B3FF20 /* TrendViewExample */;
			targetProxy = 5B9B9C201EBB950F00B3FF20 /* PBXContainerItemProxy */;
		};
/* End PBXTargetDependency section */

/* Begin PBXVariantGroup section */
		5B9B9C0C1EBB950F00B3FF20 /* LaunchScreen.storyboard */ = {
			isa = PBXVariantGroup;
			children = (
				5B9B9C0D1EBB950F00B3FF20 /* Base */,
			);
			name = LaunchScreen.storyboard;
			sourceTree = "<group>";
		};
/* End PBXVariantGroup section */

/* Begin XCBuildConfiguration section */
		5B9B9C261EBB950F00B3FF20 /* Debug */ = {
			isa = XCBuildConfiguration;
			buildSettings = {
				ALWAYS_SEARCH_USER_PATHS = NO;
				CLANG_ANALYZER_NONNULL = YES;
				CLANG_ANALYZER_NUMBER_OBJECT_CONVERSION = YES_AGGRESSIVE;
				CLANG_CXX_LANGUAGE_STANDARD = "gnu++0x";
				CLANG_CXX_LIBRARY = "libc++";
				CLANG_ENABLE_MODULES = YES;
				CLANG_ENABLE_OBJC_ARC = YES;
				CLANG_WARN_BOOL_CONVERSION = YES;
				CLANG_WARN_CONSTANT_CONVERSION = YES;
				CLANG_WARN_DIRECT_OBJC_ISA_USAGE = YES_ERROR;
				CLANG_WARN_DOCUMENTATION_COMMENTS = YES;
				CLANG_WARN_EMPTY_BODY = YES;
				CLANG_WARN_ENUM_CONVERSION = YES;
				CLANG_WARN_INFINITE_RECURSION = YES;
				CLANG_WARN_INT_CONVERSION = YES;
				CLANG_WARN_OBJC_ROOT_CLASS = YES_ERROR;
				CLANG_WARN_SUSPICIOUS_MOVE = YES;
				CLANG_WARN_UNREACHABLE_CODE = YES;
				CLANG_WARN__DUPLICATE_METHOD_MATCH = YES;
				"CODE_SIGN_IDENTITY[sdk=iphoneos*]" = "iPhone Developer";
				COPY_PHASE_STRIP = NO;
				DEBUG_INFORMATION_FORMAT = dwarf;
				ENABLE_STRICT_OBJC_MSGSEND = YES;
				ENABLE_TESTABILITY = YES;
				GCC_C_LANGUAGE_STANDARD = gnu99;
				GCC_DYNAMIC_NO_PIC = NO;
				GCC_NO_COMMON_BLOCKS = YES;
				GCC_OPTIMIZATION_LEVEL = 0;
				GCC_PREPROCESSOR_DEFINITIONS = (
					"DEBUG=1",
					"$(inherited)",
				);
				GCC_WARN_64_TO_32_BIT_CONVERSION = YES;
				GCC_WARN_ABOUT_RETURN_TYPE = YES_ERROR;
				GCC_WARN_UNDECLARED_SELECTOR = YES;
				GCC_WARN_UNINITIALIZED_AUTOS = YES_AGGRESSIVE;
				GCC_WARN_UNUSED_FUNCTION = YES;
				GCC_WARN_UNUSED_VARIABLE = YES;
				IPHONEOS_DEPLOYMENT_TARGET = 10.3;
				MTL_ENABLE_DEBUG_INFO = YES;
				ONLY_ACTIVE_ARCH = YES;
				SDKROOT = iphoneos;
				TARGETED_DEVICE_FAMILY = "1,2";
			};
			name = Debug;
		};
		5B9B9C271EBB950F00B3FF20 /* Release */ = {
			isa = XCBuildConfiguration;
			buildSettings = {
				ALWAYS_SEARCH_USER_PATHS = NO;
				CLANG_ANALYZER_NONNULL = YES;
				CLANG_ANALYZER_NUMBER_OBJECT_CONVERSION = YES_AGGRESSIVE;
				CLANG_CXX_LANGUAGE_STANDARD = "gnu++0x";
				CLANG_CXX_LIBRARY = "libc++";
				CLANG_ENABLE_MODULES = YES;
				CLANG_ENABLE_OBJC_ARC = YES;
				CLANG_WARN_BOOL_CONVERSION = YES;
				CLANG_WARN_CONSTANT_CONVERSION = YES;
				CLANG_WARN_DIRECT_OBJC_ISA_USAGE = YES_ERROR;
				CLANG_WARN_DOCUMENTATION_COMMENTS = YES;
				CLANG_WARN_EMPTY_BODY = YES;
				CLANG_WARN_ENUM_CONVERSION = YES;
				CLANG_WARN_INFINITE_RECURSION = YES;
				CLANG_WARN_INT_CONVERSION = YES;
				CLANG_WARN_OBJC_ROOT_CLASS = YES_ERROR;
				CLANG_WARN_SUSPICIOUS_MOVE = YES;
				CLANG_WARN_UNREACHABLE_CODE = YES;
				CLANG_WARN__DUPLICATE_METHOD_MATCH = YES;
				"CODE_SIGN_IDENTITY[sdk=iphoneos*]" = "iPhone Developer";
				COPY_PHASE_STRIP = NO;
				DEBUG_INFORMATION_FORMAT = "dwarf-with-dsym";
				ENABLE_NS_ASSERTIONS = NO;
				ENABLE_STRICT_OBJC_MSGSEND = YES;
				GCC_C_LANGUAGE_STANDARD = gnu99;
				GCC_NO_COMMON_BLOCKS = YES;
				GCC_WARN_64_TO_32_BIT_CONVERSION = YES;
				GCC_WARN_ABOUT_RETURN_TYPE = YES_ERROR;
				GCC_WARN_UNDECLARED_SELECTOR = YES;
				GCC_WARN_UNINITIALIZED_AUTOS = YES_AGGRESSIVE;
				GCC_WARN_UNUSED_FUNCTION = YES;
				GCC_WARN_UNUSED_VARIABLE = YES;
				IPHONEOS_DEPLOYMENT_TARGET = 10.3;
				MTL_ENABLE_DEBUG_INFO = NO;
				SDKROOT = iphoneos;
				TARGETED_DEVICE_FAMILY = "1,2";
				VALIDATE_PRODUCT = YES;
			};
			name = Release;
		};
		5B9B9C291EBB950F00B3FF20 /* Debug */ = {
			isa = XCBuildConfiguration;
			baseConfigurationReference = C2577F30CC20A25C2A8AB039 /* Pods-TrendViewExample.debug.xcconfig */;
			buildSettings = {
				ASSETCATALOG_COMPILER_APPICON_NAME = AppIcon;
				DEVELOPMENT_TEAM = 6JYYU24LA8;
				INFOPLIST_FILE = TrendViewExample/Info.plist;
				LD_RUNPATH_SEARCH_PATHS = "$(inherited) @executable_path/Frameworks";
				PRODUCT_BUNDLE_IDENTIFIER = nsnick.TrendViewExample;
				PRODUCT_NAME = "$(TARGET_NAME)";
			};
			name = Debug;
		};
		5B9B9C2A1EBB950F00B3FF20 /* Release */ = {
			isa = XCBuildConfiguration;
			baseConfigurationReference = F0C08193347A85C2CDB8705D /* Pods-TrendViewExample.release.xcconfig */;
			buildSettings = {
				ASSETCATALOG_COMPILER_APPICON_NAME = AppIcon;
				DEVELOPMENT_TEAM = 6JYYU24LA8;
				INFOPLIST_FILE = TrendViewExample/Info.plist;
				LD_RUNPATH_SEARCH_PATHS = "$(inherited) @executable_path/Frameworks";
				PRODUCT_BUNDLE_IDENTIFIER = nsnick.TrendViewExample;
				PRODUCT_NAME = "$(TARGET_NAME)";
			};
			name = Release;
		};
		5B9B9C2C1EBB950F00B3FF20 /* Debug */ = {
			isa = XCBuildConfiguration;
			baseConfigurationReference = C0BE39573069680F1303CB0D /* Pods-TrendViewExampleTests.debug.xcconfig */;
			buildSettings = {
				BUNDLE_LOADER = "$(TEST_HOST)";
				DEVELOPMENT_TEAM = 6JYYU24LA8;
				INFOPLIST_FILE = TrendViewExampleTests/Info.plist;
				LD_RUNPATH_SEARCH_PATHS = "$(inherited) @executable_path/Frameworks @loader_path/Frameworks";
				PRODUCT_BUNDLE_IDENTIFIER = nsnick.TrendViewExampleTests;
				PRODUCT_NAME = "$(TARGET_NAME)";
				TEST_HOST = "$(BUILT_PRODUCTS_DIR)/TrendViewExample.app/TrendViewExample";
			};
			name = Debug;
		};
		5B9B9C2D1EBB950F00B3FF20 /* Release */ = {
			isa = XCBuildConfiguration;
			baseConfigurationReference = F4589C10F34DCC144F93FA20 /* Pods-TrendViewExampleTests.release.xcconfig */;
			buildSettings = {
				BUNDLE_LOADER = "$(TEST_HOST)";
				DEVELOPMENT_TEAM = 6JYYU24LA8;
				INFOPLIST_FILE = TrendViewExampleTests/Info.plist;
				LD_RUNPATH_SEARCH_PATHS = "$(inherited) @executable_path/Frameworks @loader_path/Frameworks";
				PRODUCT_BUNDLE_IDENTIFIER = nsnick.TrendViewExampleTests;
				PRODUCT_NAME = "$(TARGET_NAME)";
				TEST_HOST = "$(BUILT_PRODUCTS_DIR)/TrendViewExample.app/TrendViewExample";
			};
			name = Release;
		};
		5B9B9C2F1EBB950F00B3FF20 /* Debug */ = {
			isa = XCBuildConfiguration;
			baseConfigurationReference = 66D9726D9222A42686890998 /* Pods-TrendViewExampleUITests.debug.xcconfig */;
			buildSettings = {
				DEVELOPMENT_TEAM = 6JYYU24LA8;
				INFOPLIST_FILE = TrendViewExampleUITests/Info.plist;
				LD_RUNPATH_SEARCH_PATHS = "$(inherited) @executable_path/Frameworks @loader_path/Frameworks";
				PRODUCT_BUNDLE_IDENTIFIER = nsnick.TrendViewExampleUITests;
				PRODUCT_NAME = "$(TARGET_NAME)";
				TEST_TARGET_NAME = TrendViewExample;
			};
			name = Debug;
		};
		5B9B9C301EBB950F00B3FF20 /* Release */ = {
			isa = XCBuildConfiguration;
			baseConfigurationReference = 6F87227F0901DF592764D405 /* Pods-TrendViewExampleUITests.release.xcconfig */;
			buildSettings = {
				DEVELOPMENT_TEAM = 6JYYU24LA8;
				INFOPLIST_FILE = TrendViewExampleUITests/Info.plist;
				LD_RUNPATH_SEARCH_PATHS = "$(inherited) @executable_path/Frameworks @loader_path/Frameworks";
				PRODUCT_BUNDLE_IDENTIFIER = nsnick.TrendViewExampleUITests;
				PRODUCT_NAME = "$(TARGET_NAME)";
				TEST_TARGET_NAME = TrendViewExample;
			};
			name = Release;
		};
/* End XCBuildConfiguration section */

/* Begin XCConfigurationList section */
		5B9B9BF61EBB950F00B3FF20 /* Build configuration list for PBXProject "TrendViewExample" */ = {
			isa = XCConfigurationList;
			buildConfigurations = (
				5B9B9C261EBB950F00B3FF20 /* Debug */,
				5B9B9C271EBB950F00B3FF20 /* Release */,
			);
			defaultConfigurationIsVisible = 0;
			defaultConfigurationName = Release;
		};
		5B9B9C281EBB950F00B3FF20 /* Build configuration list for PBXNativeTarget "TrendViewExample" */ = {
			isa = XCConfigurationList;
			buildConfigurations = (
				5B9B9C291EBB950F00B3FF20 /* Debug */,
				5B9B9C2A1EBB950F00B3FF20 /* Release */,
			);
			defaultConfigurationIsVisible = 0;
			defaultConfigurationName = Release;
		};
		5B9B9C2B1EBB950F00B3FF20 /* Build configuration list for PBXNativeTarget "TrendViewExampleTests" */ = {
			isa = XCConfigurationList;
			buildConfigurations = (
				5B9B9C2C1EBB950F00B3FF20 /* Debug */,
				5B9B9C2D1EBB950F00B3FF20 /* Release */,
			);
			defaultConfigurationIsVisible = 0;
			defaultConfigurationName = Release;
		};
		5B9B9C2E1EBB950F00B3FF20 /* Build configuration list for PBXNativeTarget "TrendViewExampleUITests" */ = {
			isa = XCConfigurationList;
			buildConfigurations = (
				5B9B9C2F1EBB950F00B3FF20 /* Debug */,
				5B9B9C301EBB950F00B3FF20 /* Release */,
			);
			defaultConfigurationIsVisible = 0;
			defaultConfigurationName = Release;
		};
/* End XCConfigurationList section */
	};
	rootObject = 5B9B9BF31EBB950F00B3FF20 /* Project object */;
}
